github.com/ShaunaGordon/hugo-lucid-dream v0.0.0-20240614203552-82b29a665913 h1:chQDNZQnxnMq+lWeGHiSNgL1Dr4QFE6XABv4VNdC/eM=
github.com/ShaunaGordon/hugo-lucid-dream v0.0.0-20240614203552-82b29a665913/go.mod h1:kjLsDcUnZyC7bQddvbpNkPgUZybBaP8eJFzE1+4+HrA=
github.com/ShaunaGordon/hugo-lucid-dream v0.0.0-20240622044902-0846c0dfb525 h1:j8V0ufDOcpFeXFpyYcHCr5VkE27I78P2oUVtwwfLYDE=
github.com/ShaunaGordon/hugo-lucid-dream v0.0.0-20240622044902-0846c0dfb525/go.mod h1:kjLsDcUnZyC7bQddvbpNkPgUZybBaP8eJFzE1+4+HrA=
github.com/ShaunaGordon/hugo-lucid-dream v0.0.0-20240929063538-9ab5df03db44 h1:yynSwn8teOSeTFJKwQ4fSsdjPWSnOcR5hTnHqoZG044=
github.com/ShaunaGordon/hugo-lucid-dream v0.0.0-20240929063538-9ab5df03db44/go.mod h1:kjLsDcUnZyC7bQddvbpNkPgUZybBaP8eJFzE1+4+HrA=
